
Microsoft Visual Studio Solution File, Format Version 12.00
# Visual Studio Version 17
VisualStudioVersion = 17.8.34330.188
MinimumVisualStudioVersion = 10.0.40219.1
Project("{9A19103F-16F7-4668-BE54-9A1E7A4F7556}") = "LaerdalImplementation.Domain", "src\LaerdalImplementation.Domain\LaerdalImplementation.Domain.csproj", "{A8B9C7D1-1234-5678-90AB-CDEF12345678}"
EndProject
Project("{9A19103F-16F7-4668-BE54-9A1E7A4F7556}") = "LaerdalImplementation.Application", "src\LaerdalImplementation.Application\LaerdalImplementation.Application.csproj", "{B8B9C7D1-1234-5678-90AB-CDEF12345679}"
EndProject
Project("{9A19103F-16F7-4668-BE54-9A1E7A4F7556}") = "LaerdalImplementation.Infrastructure", "src\LaerdalImplementation.Infrastructure\LaerdalImplementation.Infrastructure.csproj", "{C8B9C7D1-1234-5678-90AB-CDEF12345680}"
EndProject
Project("{9A19103F-16F7-4668-BE54-9A1E7A4F7556}") = "LaerdalImplementation.Api", "src\LaerdalImplementation.Api\LaerdalImplementation.Api.csproj", "{D8B9C7D1-1234-5678-90AB-CDEF12345681}"
EndProject
Project("{2150E333-8FDC-42A3-9474-1A3956D46DE8}") = "tests", "tests", "{0AB3BF05-4346-4AA6-1389-037BE0695223}"
EndProject
Project("{FAE04EC0-301F-11D3-BF4B-00C04F79EFBC}") = "LaerdalImplementation.Tests", "tests\LaerdalImplementation.Tests\LaerdalImplementation.Tests.csproj", "{B7B4A07F-A825-44C6-BBF3-B62A063CE61E}"
EndProject
Project("{2150E333-8FDC-42A3-9474-1A3956D46DE8}") = "src", "src", "{827E0CD3-B72D-47B6-A68D-7590B98EB39B}"
EndProject
Global
	GlobalSection(SolutionConfigurationPlatforms) = preSolution
		Debug|Any CPU = Debug|Any CPU
		Debug|x64 = Debug|x64
		Debug|x86 = Debug|x86
		Release|Any CPU = Release|Any CPU
		Release|x64 = Release|x64
		Release|x86 = Release|x86
	EndGlobalSection
	GlobalSection(ProjectConfigurationPlatforms) = postSolution
		{A8B9C7D1-1234-5678-90AB-CDEF12345678}.Debug|Any CPU.ActiveCfg = Debug|Any CPU
		{A8B9C7D1-1234-5678-90AB-CDEF12345678}.Debug|Any CPU.Build.0 = Debug|Any CPU
		{A8B9C7D1-1234-5678-90AB-CDEF12345678}.Debug|x64.ActiveCfg = Debug|Any CPU
		{A8B9C7D1-1234-5678-90AB-CDEF12345678}.Debug|x64.Build.0 = Debug|Any CPU
		{A8B9C7D1-1234-5678-90AB-CDEF12345678}.Debug|x86.ActiveCfg = Debug|Any CPU
		{A8B9C7D1-1234-5678-90AB-CDEF12345678}.Debug|x86.Build.0 = Debug|Any CPU
		{A8B9C7D1-1234-5678-90AB-CDEF12345678}.Release|Any CPU.ActiveCfg = Release|Any CPU
		{A8B9C7D1-1234-5678-90AB-CDEF12345678}.Release|Any CPU.Build.0 = Release|Any CPU
		{A8B9C7D1-1234-5678-90AB-CDEF12345678}.Release|x64.ActiveCfg = Release|Any CPU
		{A8B9C7D1-1234-5678-90AB-CDEF12345678}.Release|x64.Build.0 = Release|Any CPU
		{A8B9C7D1-1234-5678-90AB-CDEF12345678}.Release|x86.ActiveCfg = Release|Any CPU
		{A8B9C7D1-1234-5678-90AB-CDEF12345678}.Release|x86.Build.0 = Release|Any CPU
		{B8B9C7D1-1234-5678-90AB-CDEF12345679}.Debug|Any CPU.ActiveCfg = Debug|Any CPU
		{B8B9C7D1-1234-5678-90AB-CDEF12345679}.Debug|Any CPU.Build.0 = Debug|Any CPU
		{B8B9C7D1-1234-5678-90AB-CDEF12345679}.Debug|x64.ActiveCfg = Debug|Any CPU
		{B8B9C7D1-1234-5678-90AB-CDEF12345679}.Debug|x64.Build.0 = Debug|Any CPU
		{B8B9C7D1-1234-5678-90AB-CDEF12345679}.Debug|x86.ActiveCfg = Debug|Any CPU
		{B8B9C7D1-1234-5678-90AB-CDEF12345679}.Debug|x86.Build.0 = Debug|Any CPU
		{B8B9C7D1-1234-5678-90AB-CDEF12345679}.Release|Any CPU.ActiveCfg = Release|Any CPU
		{B8B9C7D1-1234-5678-90AB-CDEF12345679}.Release|Any CPU.Build.0 = Release|Any CPU
		{B8B9C7D1-1234-5678-90AB-CDEF12345679}.Release|x64.ActiveCfg = Release|Any CPU
		{B8B9C7D1-1234-5678-90AB-CDEF12345679}.Release|x64.Build.0 = Release|Any CPU
		{B8B9C7D1-1234-5678-90AB-CDEF12345679}.Release|x86.ActiveCfg = Release|Any CPU
		{B8B9C7D1-1234-5678-90AB-CDEF12345679}.Release|x86.Build.0 = Release|Any CPU
		{C8B9C7D1-1234-5678-90AB-CDEF12345680}.Debug|Any CPU.ActiveCfg = Debug|Any CPU
		{C8B9C7D1-1234-5678-90AB-CDEF12345680}.Debug|Any CPU.Build.0 = Debug|Any CPU
		{C8B9C7D1-1234-5678-90AB-CDEF12345680}.Debug|x64.ActiveCfg = Debug|Any CPU
		{C8B9C7D1-1234-5678-90AB-CDEF12345680}.Debug|x64.Build.0 = Debug|Any CPU
		{C8B9C7D1-1234-5678-90AB-CDEF12345680}.Debug|x86.ActiveCfg = Debug|Any CPU
		{C8B9C7D1-1234-5678-90AB-CDEF12345680}.Debug|x86.Build.0 = Debug|Any CPU
		{C8B9C7D1-1234-5678-90AB-CDEF12345680}.Release|Any CPU.ActiveCfg = Release|Any CPU
		{C8B9C7D1-1234-5678-90AB-CDEF12345680}.Release|Any CPU.Build.0 = Release|Any CPU
		{C8B9C7D1-1234-5678-90AB-CDEF12345680}.Release|x64.ActiveCfg = Release|Any CPU
		{C8B9C7D1-1234-5678-90AB-CDEF12345680}.Release|x64.Build.0 = Release|Any CPU
		{C8B9C7D1-1234-5678-90AB-CDEF12345680}.Release|x86.ActiveCfg = Release|Any CPU
		{C8B9C7D1-1234-5678-90AB-CDEF12345680}.Release|x86.Build.0 = Release|Any CPU
		{D8B9C7D1-1234-5678-90AB-CDEF12345681}.Debug|Any CPU.ActiveCfg = Debug|Any CPU
		{D8B9C7D1-1234-5678-90AB-CDEF12345681}.Debug|Any CPU.Build.0 = Debug|Any CPU
		{D8B9C7D1-1234-5678-90AB-CDEF12345681}.Debug|x64.ActiveCfg = Debug|Any CPU
		{D8B9C7D1-1234-5678-90AB-CDEF12345681}.Debug|x64.Build.0 = Debug|Any CPU
		{D8B9C7D1-1234-5678-90AB-CDEF12345681}.Debug|x86.ActiveCfg = Debug|Any CPU
		{D8B9C7D1-1234-5678-90AB-CDEF12345681}.Debug|x86.Build.0 = Debug|Any CPU
		{D8B9C7D1-1234-5678-90AB-CDEF12345681}.Release|Any CPU.ActiveCfg = Release|Any CPU
		{D8B9C7D1-1234-5678-90AB-CDEF12345681}.Release|Any CPU.Build.0 = Release|Any CPU
		{D8B9C7D1-1234-5678-90AB-CDEF12345681}.Release|x64.ActiveCfg = Release|Any CPU
		{D8B9C7D1-1234-5678-90AB-CDEF12345681}.Release|x64.Build.0 = Release|Any CPU
		{D8B9C7D1-1234-5678-90AB-CDEF12345681}.Release|x86.ActiveCfg = Release|Any CPU
		{D8B9C7D1-1234-5678-90AB-CDEF12345681}.Release|x86.Build.0 = Release|Any CPU
		{B7B4A07F-A825-44C6-BBF3-B62A063CE61E}.Debug|Any CPU.ActiveCfg = Debug|Any CPU
		{B7B4A07F-A825-44C6-BBF3-B62A063CE61E}.Debug|Any CPU.Build.0 = Debug|Any CPU
		{B7B4A07F-A825-44C6-BBF3-B62A063CE61E}.Debug|x64.ActiveCfg = Debug|Any CPU
		{B7B4A07F-A825-44C6-BBF3-B62A063CE61E}.Debug|x64.Build.0 = Debug|Any CPU
		{B7B4A07F-A825-44C6-BBF3-B62A063CE61E}.Debug|x86.ActiveCfg = Debug|Any CPU
		{B7B4A07F-A825-44C6-BBF3-B62A063CE61E}.Debug|x86.Build.0 = Debug|Any CPU
		{B7B4A07F-A825-44C6-BBF3-B62A063CE61E}.Release|Any CPU.ActiveCfg = Release|Any CPU
		{B7B4A07F-A825-44C6-BBF3-B62A063CE61E}.Release|Any CPU.Build.0 = Release|Any CPU
		{B7B4A07F-A825-44C6-BBF3-B62A063CE61E}.Release|x64.ActiveCfg = Release|Any CPU
		{B7B4A07F-A825-44C6-BBF3-B62A063CE61E}.Release|x64.Build.0 = Release|Any CPU
		{B7B4A07F-A825-44C6-BBF3-B62A063CE61E}.Release|x86.ActiveCfg = Release|Any CPU
		{B7B4A07F-A825-44C6-BBF3-B62A063CE61E}.Release|x86.Build.0 = Release|Any CPU
	EndGlobalSection
	GlobalSection(SolutionProperties) = preSolution
		HideSolutionNode = FALSE
	EndGlobalSection
	GlobalSection(NestedProjects) = preSolution
		{B7B4A07F-A825-44C6-BBF3-B62A063CE61E} = {0AB3BF05-4346-4AA6-1389-037BE0695223}
	EndGlobalSection
EndGlobal
